
Microsoft Visual Studio Solution File, Format Version 12.00
# Visual Studio Version 17
VisualStudioVersion = 17.7.34031.279
MinimumVisualStudioVersion = 10.0.40219.1
Project("{FAE04EC0-301F-11D3-BF4B-00C04F79EFBC}") = "Pactometro", "Pactometro.csproj", "{9918CBAC-8409-4BE5-8BFC-6FDD672E5D9D}"
EndProject
Global
	GlobalSection(SolutionConfigurationPlatforms) = preSolution
		Debug|Any CPU = Debug|Any CPU
		Release|Any CPU = Release|Any CPU
	EndGlobalSection
	GlobalSection(ProjectConfigurationPlatforms) = postSolution
		{9918CBAC-8409-4BE5-8BFC-6FDD672E5D9D}.Debug|Any CPU.ActiveCfg = Debug|Any CPU
		{9918CBAC-8409-4BE5-8BFC-6FDD672E5D9D}.Debug|Any CPU.Build.0 = Debug|Any CPU
		{9918CBAC-8409-4BE5-8BFC-6FDD672E5D9D}.Release|Any CPU.ActiveCfg = Release|Any CPU
		{9918CBAC-8409-4BE5-8BFC-6FDD672E5D9D}.Release|Any CPU.Build.0 = Release|Any CPU
	EndGlobalSection
	GlobalSection(SolutionProperties) = preSolution
		HideSolutionNode = FALSE
	EndGlobalSection
	GlobalSection(ExtensibilityGlobals) = postSolution
		SolutionGuid = {66DEDBE3-CD22-47C6-BD9C-AF70FAA99316}
	EndGlobalSection
EndGlobal
